
Microsoft Visual Studio Solution File, Format Version 12.00
# Visual Studio Version 16
VisualStudioVersion = 16.0.31829.152
MinimumVisualStudioVersion = 10.0.40219.1
Project("{FAE04EC0-301F-11D3-BF4B-00C04F79EFBC}") = "Exercicio21SwitchCase", "Exercicio21SwitchCase.csproj", "{D7C2D678-B596-4509-818A-0900F8AA8A04}"
EndProject
Global
	GlobalSection(SolutionConfigurationPlatforms) = preSolution
		Debug|Any CPU = Debug|Any CPU
		Release|Any CPU = Release|Any CPU
	EndGlobalSection
	GlobalSection(ProjectConfigurationPlatforms) = postSolution
		{D7C2D678-B596-4509-818A-0900F8AA8A04}.Debug|Any CPU.ActiveCfg = Debug|Any CPU
		{D7C2D678-B596-4509-818A-0900F8AA8A04}.Debug|Any CPU.Build.0 = Debug|Any CPU
		{D7C2D678-B596-4509-818A-0900F8AA8A04}.Release|Any CPU.ActiveCfg = Release|Any CPU
		{D7C2D678-B596-4509-818A-0900F8AA8A04}.Release|Any CPU.Build.0 = Release|Any CPU
	EndGlobalSection
	GlobalSection(SolutionProperties) = preSolution
		HideSolutionNode = FALSE
	EndGlobalSection
	GlobalSection(ExtensibilityGlobals) = postSolution
		SolutionGuid = {19A6244B-C121-4EB4-A1B5-9B8D3B5A0994}
	EndGlobalSection
EndGlobal
